{
	"name": "eslint-plugin-es-compat",
	"version": "0.0.0",
	"lockfileVersion": 1,
	"requires": true,
	"dependencies": {
		"eslint-plugin-es": {
			"version": "2.0.0",
			"resolved": "https://registry.npmjs.org/eslint-plugin-es/-/eslint-plugin-es-2.0.0.tgz",
			"integrity": "sha512-f6fceVtg27BR02EYnBhgWLFQfK6bN4Ll0nQFrBHOlCsAyxeZkn0NHns5O0YZOPrV1B3ramd6cgFwaoFLcSkwEQ==",
			"requires": {
				"eslint-utils": "^1.4.2",
				"regexpp": "^3.0.0"
			}
		},
		"eslint-utils": {
			"version": "1.4.3",
			"resolved": "https://registry.npmjs.org/eslint-utils/-/eslint-utils-1.4.3.tgz",
			"integrity": "sha512-fbBN5W2xdY45KulGXmLHZ3c3FHfVYmKg0IrAKGOkT/464PQsx2UeIzfz1RmEci+KLm1bBaAzZAh8+/E+XAeZ8Q==",
			"requires": {
				"eslint-visitor-keys": "^1.1.0"
			}
		},
		"eslint-visitor-keys": {
			"version": "1.1.0",
			"resolved": "https://registry.npmjs.org/eslint-visitor-keys/-/eslint-visitor-keys-1.1.0.tgz",
			"integrity": "sha512-8y9YjtM1JBJU/A9Kc+SbaOV4y29sSWckBwMHa+FGtVj5gN/sbnKDf6xJUl+8g7FAij9LVaP8C24DUiH/f/2Z9A=="
		},
		"regexpp": {
			"version": "3.0.0",
			"resolved": "https://registry.npmjs.org/regexpp/-/regexpp-3.0.0.tgz",
			"integrity": "sha512-Z+hNr7RAVWxznLPuA7DIh8UNX1j9CDrUQxskw9IrBE1Dxue2lyXT+shqEIeLUjrokxIP8CMy1WkjgG3rTsd5/g=="
		}
	}
}
